{
  "name": "ide-swift",
  "version": "0.1.0",
  "lockfileVersion": 1,
  "requires": true,
  "dependencies": {
    "atom-languageclient": {
      "version": "0.8.3",
      "resolved": "https://registry.npmjs.org/atom-languageclient/-/atom-languageclient-0.8.3.tgz",
      "integrity": "sha1-jOPHWAUXg6U6HTiIlufZnU/I4Qw=",
      "requires": {
        "fuzzaldrin-plus": "0.6.0",
        "vscode-jsonrpc": "3.6.0"
      }
    },
    "fuzzaldrin-plus": {
      "version": "0.6.0",
      "resolved": "https://registry.npmjs.org/fuzzaldrin-plus/-/fuzzaldrin-plus-0.6.0.tgz",
      "integrity": "sha1-gy9kifvodnaUWVmckUpnDsIpR+4="
    },
    "vscode-jsonrpc": {
      "version": "3.6.0",
      "resolved": "https://registry.npmjs.org/vscode-jsonrpc/-/vscode-jsonrpc-3.6.0.tgz",
      "integrity": "sha512-PqHHjuTlz3ks0vyZv3IkdduJReA/lqe6OP5zRl5nXn2ptMLW++fBotNyayyZEQLIF6nNrx/Rn6WhMSHElf02Yw=="
    }
  }
}
